github.com/mucean/gotools v0.0.0-20200503110940-3397af1026ff h1:ut6jlZu0Bo57LnPvrXrmW++Au25bMuw0qxy7aX7ZnTo=
github.com/mucean/gotools/store v0.0.0-20200503110940-3397af1026ff h1:bFH84Ne/OQ1MmhRYIL/YohAg7Ew0I+E6EmCfUrJ1jdU=
github.com/mucean/gotools/store v0.0.0-20200503110940-3397af1026ff/go.mod h1:fSQUZv/QmxyyDUNee7bvntze9kE8eFAqi5aen4oPCGk=
